// !$*UTF8*$!
{
	archiveVersion = 1;
	classes = {
	};
	objectVersion = 56;
	objects = {

/* Begin PBXBuildFile section */
		F3173D7F2A1645D900E27EB4 /* Extension.swift in Sources */ = {isa = PBXBuildFile; fileRef = F3173D7E2A1645D900E27EB4 /* Extension.swift */; };
		F326D4182A8CE6D000891E7E /* Assets.xcassets in Resources */ = {isa = PBXBuildFile; fileRef = F326D4172A8CE6D000891E7E /* Assets.xcassets */; };
		F32DB7312A14A9D900923F31 /* TaskTableController.swift in Sources */ = {isa = PBXBuildFile; fileRef = F32DB7302A14A9D900923F31 /* TaskTableController.swift */; };
		F3427FA82A1C8F0D00003CB7 /* Task.swift in Sources */ = {isa = PBXBuildFile; fileRef = F3427FA72A1C8F0D00003CB7 /* Task.swift */; };
		F3427FAC2A1DEB9600003CB7 /* TaskCellUI.swift in Sources */ = {isa = PBXBuildFile; fileRef = F3427FAB2A1DEB9600003CB7 /* TaskCellUI.swift */; };
		F3427FAE2A1DEF3200003CB7 /* TaskCell.swift in Sources */ = {isa = PBXBuildFile; fileRef = F3427FAD2A1DEF3200003CB7 /* TaskCell.swift */; };
		F37E86002A13B4AA0090D2C9 /* AppDelegate.swift in Sources */ = {isa = PBXBuildFile; fileRef = F37E85FF2A13B4AA0090D2C9 /* AppDelegate.swift */; };
		F37E86022A13B4AA0090D2C9 /* SceneDelegate.swift in Sources */ = {isa = PBXBuildFile; fileRef = F37E86012A13B4AA0090D2C9 /* SceneDelegate.swift */; };
		F37E86042A13B4AA0090D2C9 /* ViewTaskController.swift in Sources */ = {isa = PBXBuildFile; fileRef = F37E86032A13B4AA0090D2C9 /* ViewTaskController.swift */; };
		F37E861A2A13B5C30090D2C9 /* Realm in Frameworks */ = {isa = PBXBuildFile; productRef = F37E86192A13B5C30090D2C9 /* Realm */; };
		F37E861C2A13B5C30090D2C9 /* RealmSwift in Frameworks */ = {isa = PBXBuildFile; productRef = F37E861B2A13B5C30090D2C9 /* RealmSwift */; };
		F37E861F2A13B6000090D2C9 /* RealmManager.swift in Sources */ = {isa = PBXBuildFile; fileRef = F37E861E2A13B6000090D2C9 /* RealmManager.swift */; };
		F37E86222A13B6700090D2C9 /* TaskItemObject.swift in Sources */ = {isa = PBXBuildFile; fileRef = F37E86212A13B6700090D2C9 /* TaskItemObject.swift */; };
		F37E86272A13BAF20090D2C9 /* EnterTaskController.swift in Sources */ = {isa = PBXBuildFile; fileRef = F37E86262A13BAF20090D2C9 /* EnterTaskController.swift */; };
		F37E86292A13BB380090D2C9 /* ViewSelectTaskController.swift in Sources */ = {isa = PBXBuildFile; fileRef = F37E86282A13BB380090D2C9 /* ViewSelectTaskController.swift */; };
		F37E862F2A13BC180090D2C9 /* TaskViewUI.swift in Sources */ = {isa = PBXBuildFile; fileRef = F37E862E2A13BC180090D2C9 /* TaskViewUI.swift */; };
		F37E86312A13C0210090D2C9 /* EnterTaskUI.swift in Sources */ = {isa = PBXBuildFile; fileRef = F37E86302A13C0210090D2C9 /* EnterTaskUI.swift */; };
		F381A6572A21DEA1002771D9 /* NotificationManager.swift in Sources */ = {isa = PBXBuildFile; fileRef = F381A6562A21DEA1002771D9 /* NotificationManager.swift */; };
		F3A1FC492A6FA83000818B86 /* Theme.swift in Sources */ = {isa = PBXBuildFile; fileRef = F3A1FC482A6FA83000818B86 /* Theme.swift */; };
		F3A1FC4B2A724B9100818B86 /* ViewTaskViewModel.swift in Sources */ = {isa = PBXBuildFile; fileRef = F3A1FC4A2A724B9100818B86 /* ViewTaskViewModel.swift */; };
		F3A1FC4D2A724B9D00818B86 /* CreateTaskViewModel.swift in Sources */ = {isa = PBXBuildFile; fileRef = F3A1FC4C2A724B9D00818B86 /* CreateTaskViewModel.swift */; };
		F3BC09AE2A8CEEEC0042BD60 /* TaskTableViewModel.swift in Sources */ = {isa = PBXBuildFile; fileRef = F3BC09AD2A8CEEEC0042BD60 /* TaskTableViewModel.swift */; };
		F3C235C72B21EC96005E890F /* EmptyBox.json in Resources */ = {isa = PBXBuildFile; fileRef = F3C235C62B21EC96005E890F /* EmptyBox.json */; };
		F3DF25522B1F428900395B38 /* Lottie in Frameworks */ = {isa = PBXBuildFile; productRef = F3DF25512B1F428900395B38 /* Lottie */; };
		F3F51C642A2E0072003321F1 /* AlertManager.swift in Sources */ = {isa = PBXBuildFile; fileRef = F3F51C632A2E0072003321F1 /* AlertManager.swift */; };
/* End PBXBuildFile section */

/* Begin PBXFileReference section */
		F3173D7E2A1645D900E27EB4 /* Extension.swift */ = {isa = PBXFileReference; lastKnownFileType = sourcecode.swift; path = Extension.swift; sourceTree = "<group>"; };
		F326D4172A8CE6D000891E7E /* Assets.xcassets */ = {isa = PBXFileReference; lastKnownFileType = folder.assetcatalog; path = Assets.xcassets; sourceTree = "<group>"; };
		F32DB7302A14A9D900923F31 /* TaskTableController.swift */ = {isa = PBXFileReference; lastKnownFileType = sourcecode.swift; path = TaskTableController.swift; sourceTree = "<group>"; };
		F3427FA72A1C8F0D00003CB7 /* Task.swift */ = {isa = PBXFileReference; lastKnownFileType = sourcecode.swift; path = Task.swift; sourceTree = "<group>"; };
		F3427FAB2A1DEB9600003CB7 /* TaskCellUI.swift */ = {isa = PBXFileReference; lastKnownFileType = sourcecode.swift; path = TaskCellUI.swift; sourceTree = "<group>"; };
		F3427FAD2A1DEF3200003CB7 /* TaskCell.swift */ = {isa = PBXFileReference; lastKnownFileType = sourcecode.swift; path = TaskCell.swift; sourceTree = "<group>"; };
		F37E85FC2A13B4AA0090D2C9 /* MyTasks.app */ = {isa = PBXFileReference; explicitFileType = wrapper.application; includeInIndex = 0; path = MyTasks.app; sourceTree = BUILT_PRODUCTS_DIR; };
		F37E85FF2A13B4AA0090D2C9 /* AppDelegate.swift */ = {isa = PBXFileReference; lastKnownFileType = sourcecode.swift; path = AppDelegate.swift; sourceTree = "<group>"; };
		F37E86012A13B4AA0090D2C9 /* SceneDelegate.swift */ = {isa = PBXFileReference; lastKnownFileType = sourcecode.swift; path = SceneDelegate.swift; sourceTree = "<group>"; };
		F37E86032A13B4AA0090D2C9 /* ViewTaskController.swift */ = {isa = PBXFileReference; lastKnownFileType = sourcecode.swift; path = ViewTaskController.swift; sourceTree = "<group>"; };
		F37E860D2A13B4AC0090D2C9 /* Info.plist */ = {isa = PBXFileReference; lastKnownFileType = text.plist.xml; path = Info.plist; sourceTree = "<group>"; };
		F37E861E2A13B6000090D2C9 /* RealmManager.swift */ = {isa = PBXFileReference; lastKnownFileType = sourcecode.swift; path = RealmManager.swift; sourceTree = "<group>"; };
		F37E86212A13B6700090D2C9 /* TaskItemObject.swift */ = {isa = PBXFileReference; lastKnownFileType = sourcecode.swift; path = TaskItemObject.swift; sourceTree = "<group>"; };
		F37E86262A13BAF20090D2C9 /* EnterTaskController.swift */ = {isa = PBXFileReference; lastKnownFileType = sourcecode.swift; path = EnterTaskController.swift; sourceTree = "<group>"; };
		F37E86282A13BB380090D2C9 /* ViewSelectTaskController.swift */ = {isa = PBXFileReference; lastKnownFileType = sourcecode.swift; path = ViewSelectTaskController.swift; sourceTree = "<group>"; };
		F37E862E2A13BC180090D2C9 /* TaskViewUI.swift */ = {isa = PBXFileReference; lastKnownFileType = sourcecode.swift; path = TaskViewUI.swift; sourceTree = "<group>"; };
		F37E86302A13C0210090D2C9 /* EnterTaskUI.swift */ = {isa = PBXFileReference; lastKnownFileType = sourcecode.swift; path = EnterTaskUI.swift; sourceTree = "<group>"; };
		F381A6562A21DEA1002771D9 /* NotificationManager.swift */ = {isa = PBXFileReference; lastKnownFileType = sourcecode.swift; path = NotificationManager.swift; sourceTree = "<group>"; };
		F3A1FC482A6FA83000818B86 /* Theme.swift */ = {isa = PBXFileReference; lastKnownFileType = sourcecode.swift; path = Theme.swift; sourceTree = "<group>"; };
		F3A1FC4A2A724B9100818B86 /* ViewTaskViewModel.swift */ = {isa = PBXFileReference; lastKnownFileType = sourcecode.swift; path = ViewTaskViewModel.swift; sourceTree = "<group>"; };
		F3A1FC4C2A724B9D00818B86 /* CreateTaskViewModel.swift */ = {isa = PBXFileReference; lastKnownFileType = sourcecode.swift; path = CreateTaskViewModel.swift; sourceTree = "<group>"; };
		F3BC09AD2A8CEEEC0042BD60 /* TaskTableViewModel.swift */ = {isa = PBXFileReference; lastKnownFileType = sourcecode.swift; path = TaskTableViewModel.swift; sourceTree = "<group>"; };
		F3C235C62B21EC96005E890F /* EmptyBox.json */ = {isa = PBXFileReference; fileEncoding = 4; lastKnownFileType = text.json; path = EmptyBox.json; sourceTree = "<group>"; };
		F3F51C632A2E0072003321F1 /* AlertManager.swift */ = {isa = PBXFileReference; lastKnownFileType = sourcecode.swift; path = AlertManager.swift; sourceTree = "<group>"; };
/* End PBXFileReference section */

/* Begin PBXFrameworksBuildPhase section */
		F37E85F92A13B4AA0090D2C9 /* Frameworks */ = {
			isa = PBXFrameworksBuildPhase;
			buildActionMask = 2147483647;
			files = (
				F37E861C2A13B5C30090D2C9 /* RealmSwift in Frameworks */,
				F37E861A2A13B5C30090D2C9 /* Realm in Frameworks */,
				F3DF25522B1F428900395B38 /* Lottie in Frameworks */,
			);
			runOnlyForDeploymentPostprocessing = 0;
		};
/* End PBXFrameworksBuildPhase section */

/* Begin PBXGroup section */
		F3173D752A14EEDB00E27EB4 /* UI */ = {
			isa = PBXGroup;
			children = (
				F37E862E2A13BC180090D2C9 /* TaskViewUI.swift */,
				F3427FAB2A1DEB9600003CB7 /* TaskCellUI.swift */,
				F37E86302A13C0210090D2C9 /* EnterTaskUI.swift */,
			);
			path = UI;
			sourceTree = "<group>";
		};
		F3173D772A159E7300E27EB4 /* Extension */ = {
			isa = PBXGroup;
			children = (
				F3173D7E2A1645D900E27EB4 /* Extension.swift */,
			);
			path = Extension;
			sourceTree = "<group>";
		};
		F3173D782A15B6FE00E27EB4 /* ViewTask */ = {
			isa = PBXGroup;
			children = (
				F37E86032A13B4AA0090D2C9 /* ViewTaskController.swift */,
				F32DB7302A14A9D900923F31 /* TaskTableController.swift */,
				F3173D7D2A15DE4F00E27EB4 /* Cell */,
			);
			path = ViewTask;
			sourceTree = "<group>";
		};
		F3173D792A15B72700E27EB4 /* EnterTask */ = {
			isa = PBXGroup;
			children = (
				F37E86262A13BAF20090D2C9 /* EnterTaskController.swift */,
			);
			path = EnterTask;
			sourceTree = "<group>";
		};
		F3173D7A2A15B73D00E27EB4 /* ViewSelectTask */ = {
			isa = PBXGroup;
			children = (
				F37E86282A13BB380090D2C9 /* ViewSelectTaskController.swift */,
			);
			path = ViewSelectTask;
			sourceTree = "<group>";
		};
		F3173D7D2A15DE4F00E27EB4 /* Cell */ = {
			isa = PBXGroup;
			children = (
				F3427FAD2A1DEF3200003CB7 /* TaskCell.swift */,
			);
			path = Cell;
			sourceTree = "<group>";
		};
		F37E85F32A13B4AA0090D2C9 = {
			isa = PBXGroup;
			children = (
				F37E85FE2A13B4AA0090D2C9 /* MyTasks */,
				F37E85FD2A13B4AA0090D2C9 /* Products */,
			);
			sourceTree = "<group>";
		};
		F37E85FD2A13B4AA0090D2C9 /* Products */ = {
			isa = PBXGroup;
			children = (
				F37E85FC2A13B4AA0090D2C9 /* MyTasks.app */,
			);
			name = Products;
			sourceTree = "<group>";
		};
		F37E85FE2A13B4AA0090D2C9 /* MyTasks */ = {
			isa = PBXGroup;
			children = (
				F37E860D2A13B4AC0090D2C9 /* Info.plist */,
				F37E86242A13B6EB0090D2C9 /* Delegate */,
				F3173D752A14EEDB00E27EB4 /* UI */,
				F37E86202A13B6400090D2C9 /* Models */,
				F37E861D2A13B5DD0090D2C9 /* ViewModel */,
				F37E86252A13B6FD0090D2C9 /* Views */,
				F3173D772A159E7300E27EB4 /* Extension */,
				F3A1FC472A6FA7FF00818B86 /* Theme */,
				F37E86232A13B6B90090D2C9 /* Assets  */,
			);
			path = MyTasks;
			sourceTree = "<group>";
		};
		F37E861D2A13B5DD0090D2C9 /* ViewModel */ = {
			isa = PBXGroup;
			children = (
				F3BC09AC2A8CEEC30042BD60 /* Managers */,
				F3BC09AD2A8CEEEC0042BD60 /* TaskTableViewModel.swift */,
				F3A1FC4A2A724B9100818B86 /* ViewTaskViewModel.swift */,
				F3A1FC4C2A724B9D00818B86 /* CreateTaskViewModel.swift */,
			);
			path = ViewModel;
			sourceTree = "<group>";
		};
		F37E86202A13B6400090D2C9 /* Models */ = {
			isa = PBXGroup;
			children = (
				F37E86212A13B6700090D2C9 /* TaskItemObject.swift */,
				F3427FA72A1C8F0D00003CB7 /* Task.swift */,
			);
			path = Models;
			sourceTree = "<group>";
		};
		F37E86232A13B6B90090D2C9 /* Assets  */ = {
			isa = PBXGroup;
			children = (
				F3C235C62B21EC96005E890F /* EmptyBox.json */,
				F326D4172A8CE6D000891E7E /* Assets.xcassets */,
			);
			path = "Assets ";
			sourceTree = "<group>";
		};
		F37E86242A13B6EB0090D2C9 /* Delegate */ = {
			isa = PBXGroup;
			children = (
				F37E85FF2A13B4AA0090D2C9 /* AppDelegate.swift */,
				F37E86012A13B4AA0090D2C9 /* SceneDelegate.swift */,
			);
			path = Delegate;
			sourceTree = "<group>";
		};
		F37E86252A13B6FD0090D2C9 /* Views */ = {
			isa = PBXGroup;
			children = (
				F3173D782A15B6FE00E27EB4 /* ViewTask */,
				F3173D792A15B72700E27EB4 /* EnterTask */,
				F3173D7A2A15B73D00E27EB4 /* ViewSelectTask */,
			);
			path = Views;
			sourceTree = "<group>";
		};
		F3A1FC472A6FA7FF00818B86 /* Theme */ = {
			isa = PBXGroup;
			children = (
				F3A1FC482A6FA83000818B86 /* Theme.swift */,
			);
			path = Theme;
			sourceTree = "<group>";
		};
		F3BC09AC2A8CEEC30042BD60 /* Managers */ = {
			isa = PBXGroup;
			children = (
				F37E861E2A13B6000090D2C9 /* RealmManager.swift */,
				F381A6562A21DEA1002771D9 /* NotificationManager.swift */,
				F3F51C632A2E0072003321F1 /* AlertManager.swift */,
			);
			path = Managers;
			sourceTree = "<group>";
		};
/* End PBXGroup section */

/* Begin PBXNativeTarget section */
		F37E85FB2A13B4AA0090D2C9 /* MyTasks */ = {
			isa = PBXNativeTarget;
			buildConfigurationList = F37E86102A13B4AC0090D2C9 /* Build configuration list for PBXNativeTarget "MyTasks" */;
			buildPhases = (
				F37E85F82A13B4AA0090D2C9 /* Sources */,
				F37E85F92A13B4AA0090D2C9 /* Frameworks */,
				F37E85FA2A13B4AA0090D2C9 /* Resources */,
			);
			buildRules = (
			);
			dependencies = (
			);
			name = MyTasks;
			packageProductDependencies = (
				F37E86192A13B5C30090D2C9 /* Realm */,
				F37E861B2A13B5C30090D2C9 /* RealmSwift */,
				F3DF25512B1F428900395B38 /* Lottie */,
			);
			productName = MyTaskList;
			productReference = F37E85FC2A13B4AA0090D2C9 /* MyTasks.app */;
			productType = "com.apple.product-type.application";
		};
/* End PBXNativeTarget section */

/* Begin PBXProject section */
		F37E85F42A13B4AA0090D2C9 /* Project object */ = {
			isa = PBXProject;
			attributes = {
				BuildIndependentTargetsInParallel = 1;
				LastSwiftUpdateCheck = 1410;
				LastUpgradeCheck = 1500;
				TargetAttributes = {
					F37E85FB2A13B4AA0090D2C9 = {
						CreatedOnToolsVersion = 14.1;
					};
				};
			};
			buildConfigurationList = F37E85F72A13B4AA0090D2C9 /* Build configuration list for PBXProject "MyTasks" */;
			compatibilityVersion = "Xcode 14.0";
			developmentRegion = en;
			hasScannedForEncodings = 0;
			knownRegions = (
				en,
				Base,
			);
			mainGroup = F37E85F32A13B4AA0090D2C9;
			packageReferences = (
				F37E86182A13B5C30090D2C9 /* XCRemoteSwiftPackageReference "realm-swift" */,
				F3DF25502B1F428900395B38 /* XCRemoteSwiftPackageReference "lottie-ios" */,
			);
			productRefGroup = F37E85FD2A13B4AA0090D2C9 /* Products */;
			projectDirPath = "";
			projectRoot = "";
			targets = (
				F37E85FB2A13B4AA0090D2C9 /* MyTasks */,
			);
		};
/* End PBXProject section */

/* Begin PBXResourcesBuildPhase section */
		F37E85FA2A13B4AA0090D2C9 /* Resources */ = {
			isa = PBXResourcesBuildPhase;
			buildActionMask = 2147483647;
			files = (
				F326D4182A8CE6D000891E7E /* Assets.xcassets in Resources */,
				F3C235C72B21EC96005E890F /* EmptyBox.json in Resources */,
			);
			runOnlyForDeploymentPostprocessing = 0;
		};
/* End PBXResourcesBuildPhase section */

/* Begin PBXSourcesBuildPhase section */
		F37E85F82A13B4AA0090D2C9 /* Sources */ = {
			isa = PBXSourcesBuildPhase;
			buildActionMask = 2147483647;
			files = (
				F3F51C642A2E0072003321F1 /* AlertManager.swift in Sources */,
				F37E86312A13C0210090D2C9 /* EnterTaskUI.swift in Sources */,
				F37E86042A13B4AA0090D2C9 /* ViewTaskController.swift in Sources */,
				F37E862F2A13BC180090D2C9 /* TaskViewUI.swift in Sources */,
				F3A1FC4D2A724B9D00818B86 /* CreateTaskViewModel.swift in Sources */,
				F37E86292A13BB380090D2C9 /* ViewSelectTaskController.swift in Sources */,
				F37E86272A13BAF20090D2C9 /* EnterTaskController.swift in Sources */,
				F3A1FC4B2A724B9100818B86 /* ViewTaskViewModel.swift in Sources */,
				F37E86222A13B6700090D2C9 /* TaskItemObject.swift in Sources */,
				F32DB7312A14A9D900923F31 /* TaskTableController.swift in Sources */,
				F3427FAC2A1DEB9600003CB7 /* TaskCellUI.swift in Sources */,
				F3427FAE2A1DEF3200003CB7 /* TaskCell.swift in Sources */,
				F3173D7F2A1645D900E27EB4 /* Extension.swift in Sources */,
				F3427FA82A1C8F0D00003CB7 /* Task.swift in Sources */,
				F37E861F2A13B6000090D2C9 /* RealmManager.swift in Sources */,
				F381A6572A21DEA1002771D9 /* NotificationManager.swift in Sources */,
				F37E86002A13B4AA0090D2C9 /* AppDelegate.swift in Sources */,
				F37E86022A13B4AA0090D2C9 /* SceneDelegate.swift in Sources */,
				F3BC09AE2A8CEEEC0042BD60 /* TaskTableViewModel.swift in Sources */,
				F3A1FC492A6FA83000818B86 /* Theme.swift in Sources */,
			);
			runOnlyForDeploymentPostprocessing = 0;
		};
/* End PBXSourcesBuildPhase section */

/* Begin XCBuildConfiguration section */
		F37E860E2A13B4AC0090D2C9 /* Debug */ = {
			isa = XCBuildConfiguration;
			buildSettings = {
				ALWAYS_SEARCH_USER_PATHS = NO;
				CLANG_ANALYZER_NONNULL = YES;
				CLANG_ANALYZER_NUMBER_OBJECT_CONVERSION = YES_AGGRESSIVE;
				CLANG_CXX_LANGUAGE_STANDARD = "gnu++20";
				CLANG_ENABLE_MODULES = YES;
				CLANG_ENABLE_OBJC_ARC = YES;
				CLANG_ENABLE_OBJC_WEAK = YES;
				CLANG_WARN_BLOCK_CAPTURE_AUTORELEASING = YES;
				CLANG_WARN_BOOL_CONVERSION = YES;
				CLANG_WARN_COMMA = YES;
				CLANG_WARN_CONSTANT_CONVERSION = YES;
				CLANG_WARN_DEPRECATED_OBJC_IMPLEMENTATIONS = YES;
				CLANG_WARN_DIRECT_OBJC_ISA_USAGE = YES_ERROR;
				CLANG_WARN_DOCUMENTATION_COMMENTS = YES;
				CLANG_WARN_EMPTY_BODY = YES;
				CLANG_WARN_ENUM_CONVERSION = YES;
				CLANG_WARN_INFINITE_RECURSION = YES;
				CLANG_WARN_INT_CONVERSION = YES;
				CLANG_WARN_NON_LITERAL_NULL_CONVERSION = YES;
				CLANG_WARN_OBJC_IMPLICIT_RETAIN_SELF = YES;
				CLANG_WARN_OBJC_LITERAL_CONVERSION = YES;
				CLANG_WARN_OBJC_ROOT_CLASS = YES_ERROR;
				CLANG_WARN_QUOTED_INCLUDE_IN_FRAMEWORK_HEADER = YES;
				CLANG_WARN_RANGE_LOOP_ANALYSIS = YES;
				CLANG_WARN_STRICT_PROTOTYPES = YES;
				CLANG_WARN_SUSPICIOUS_MOVE = YES;
				CLANG_WARN_UNGUARDED_AVAILABILITY = YES_AGGRESSIVE;
				CLANG_WARN_UNREACHABLE_CODE = YES;
				CLANG_WARN__DUPLICATE_METHOD_MATCH = YES;
				COPY_PHASE_STRIP = NO;
				DEBUG_INFORMATION_FORMAT = dwarf;
				ENABLE_STRICT_OBJC_MSGSEND = YES;
				ENABLE_TESTABILITY = YES;
				GCC_C_LANGUAGE_STANDARD = gnu11;
				GCC_DYNAMIC_NO_PIC = NO;
				GCC_NO_COMMON_BLOCKS = YES;
				GCC_OPTIMIZATION_LEVEL = 0;
				GCC_PREPROCESSOR_DEFINITIONS = (
					"DEBUG=1",
					"$(inherited)",
				);
				GCC_WARN_64_TO_32_BIT_CONVERSION = YES;
				GCC_WARN_ABOUT_RETURN_TYPE = YES_ERROR;
				GCC_WARN_UNDECLARED_SELECTOR = YES;
				GCC_WARN_UNINITIALIZED_AUTOS = YES_AGGRESSIVE;
				GCC_WARN_UNUSED_FUNCTION = YES;
				GCC_WARN_UNUSED_VARIABLE = YES;
				IPHONEOS_DEPLOYMENT_TARGET = 15.0;
				MTL_ENABLE_DEBUG_INFO = INCLUDE_SOURCE;
				MTL_FAST_MATH = YES;
				ONLY_ACTIVE_ARCH = YES;
				SDKROOT = iphoneos;
				SWIFT_ACTIVE_COMPILATION_CONDITIONS = DEBUG;
				SWIFT_OPTIMIZATION_LEVEL = "-Onone";
			};
			name = Debug;
		};
		F37E860F2A13B4AC0090D2C9 /* Release */ = {
			isa = XCBuildConfiguration;
			buildSettings = {
				ALWAYS_SEARCH_USER_PATHS = NO;
				CLANG_ANALYZER_NONNULL = YES;
				CLANG_ANALYZER_NUMBER_OBJECT_CONVERSION = YES_AGGRESSIVE;
				CLANG_CXX_LANGUAGE_STANDARD = "gnu++20";
				CLANG_ENABLE_MODULES = YES;
				CLANG_ENABLE_OBJC_ARC = YES;
				CLANG_ENABLE_OBJC_WEAK = YES;
				CLANG_WARN_BLOCK_CAPTURE_AUTORELEASING = YES;
				CLANG_WARN_BOOL_CONVERSION = YES;
				CLANG_WARN_COMMA = YES;
				CLANG_WARN_CONSTANT_CONVERSION = YES;
				CLANG_WARN_DEPRECATED_OBJC_IMPLEMENTATIONS = YES;
				CLANG_WARN_DIRECT_OBJC_ISA_USAGE = YES_ERROR;
				CLANG_WARN_DOCUMENTATION_COMMENTS = YES;
				CLANG_WARN_EMPTY_BODY = YES;
				CLANG_WARN_ENUM_CONVERSION = YES;
				CLANG_WARN_INFINITE_RECURSION = YES;
				CLANG_WARN_INT_CONVERSION = YES;
				CLANG_WARN_NON_LITERAL_NULL_CONVERSION = YES;
				CLANG_WARN_OBJC_IMPLICIT_RETAIN_SELF = YES;
				CLANG_WARN_OBJC_LITERAL_CONVERSION = YES;
				CLANG_WARN_OBJC_ROOT_CLASS = YES_ERROR;
				CLANG_WARN_QUOTED_INCLUDE_IN_FRAMEWORK_HEADER = YES;
				CLANG_WARN_RANGE_LOOP_ANALYSIS = YES;
				CLANG_WARN_STRICT_PROTOTYPES = YES;
				CLANG_WARN_SUSPICIOUS_MOVE = YES;
				CLANG_WARN_UNGUARDED_AVAILABILITY = YES_AGGRESSIVE;
				CLANG_WARN_UNREACHABLE_CODE = YES;
				CLANG_WARN__DUPLICATE_METHOD_MATCH = YES;
				COPY_PHASE_STRIP = NO;
				DEBUG_INFORMATION_FORMAT = "dwarf-with-dsym";
				ENABLE_NS_ASSERTIONS = NO;
				ENABLE_STRICT_OBJC_MSGSEND = YES;
				GCC_C_LANGUAGE_STANDARD = gnu11;
				GCC_NO_COMMON_BLOCKS = YES;
				GCC_WARN_64_TO_32_BIT_CONVERSION = YES;
				GCC_WARN_ABOUT_RETURN_TYPE = YES_ERROR;
				GCC_WARN_UNDECLARED_SELECTOR = YES;
				GCC_WARN_UNINITIALIZED_AUTOS = YES_AGGRESSIVE;
				GCC_WARN_UNUSED_FUNCTION = YES;
				GCC_WARN_UNUSED_VARIABLE = YES;
				IPHONEOS_DEPLOYMENT_TARGET = 15.0;
				MTL_ENABLE_DEBUG_INFO = NO;
				MTL_FAST_MATH = YES;
				SDKROOT = iphoneos;
				SWIFT_COMPILATION_MODE = wholemodule;
				SWIFT_OPTIMIZATION_LEVEL = "-O";
				VALIDATE_PRODUCT = YES;
			};
			name = Release;
		};
		F37E86112A13B4AC0090D2C9 /* Debug */ = {
			isa = XCBuildConfiguration;
			buildSettings = {
				ASSETCATALOG_COMPILER_APPICON_NAME = AppIcon;
				ASSETCATALOG_COMPILER_GLOBAL_ACCENT_COLOR_NAME = AccentColor;
				CODE_SIGN_STYLE = Automatic;
				CURRENT_PROJECT_VERSION = 3;
				DEVELOPMENT_TEAM = SD48432CPV;
				GENERATE_INFOPLIST_FILE = YES;
				INFOPLIST_FILE = MyTasks/Info.plist;
				INFOPLIST_KEY_UIApplicationSupportsIndirectInputEvents = YES;
				INFOPLIST_KEY_UILaunchStoryboardName = LaunchScreen;
				INFOPLIST_KEY_UISupportedInterfaceOrientations = "UIInterfaceOrientationPortrait UIInterfaceOrientationPortraitUpsideDown";
				INFOPLIST_KEY_UISupportedInterfaceOrientations_iPad = UIInterfaceOrientationPortrait;
				IPHONEOS_DEPLOYMENT_TARGET = 15.0;
				LD_RUNPATH_SEARCH_PATHS = (
					"$(inherited)",
					"@executable_path/Frameworks",
				);
				MARKETING_VERSION = 1.0;
				PRODUCT_BUNDLE_IDENTIFIER = tony.chen.MyTasks;
				PRODUCT_NAME = "$(TARGET_NAME)";
				SUPPORTED_PLATFORMS = "iphoneos iphonesimulator";
				SUPPORTS_MACCATALYST = NO;
				SUPPORTS_MAC_DESIGNED_FOR_IPHONE_IPAD = NO;
				SWIFT_EMIT_LOC_STRINGS = YES;
				SWIFT_VERSION = 5.0;
				TARGETED_DEVICE_FAMILY = "1,2";
			};
			name = Debug;
		};
		F37E86122A13B4AC0090D2C9 /* Release */ = {
			isa = XCBuildConfiguration;
			buildSettings = {
				ASSETCATALOG_COMPILER_APPICON_NAME = AppIcon;
				ASSETCATALOG_COMPILER_GLOBAL_ACCENT_COLOR_NAME = AccentColor;
				CODE_SIGN_STYLE = Automatic;
				CURRENT_PROJECT_VERSION = 3;
				DEVELOPMENT_TEAM = SD48432CPV;
				GENERATE_INFOPLIST_FILE = YES;
				INFOPLIST_FILE = MyTasks/Info.plist;
				INFOPLIST_KEY_UIApplicationSupportsIndirectInputEvents = YES;
				INFOPLIST_KEY_UILaunchStoryboardName = LaunchScreen;
				INFOPLIST_KEY_UISupportedInterfaceOrientations = "UIInterfaceOrientationPortrait UIInterfaceOrientationPortraitUpsideDown";
				INFOPLIST_KEY_UISupportedInterfaceOrientations_iPad = UIInterfaceOrientationPortrait;
				IPHONEOS_DEPLOYMENT_TARGET = 15.0;
				LD_RUNPATH_SEARCH_PATHS = (
					"$(inherited)",
					"@executable_path/Frameworks",
				);
				MARKETING_VERSION = 1.0;
				PRODUCT_BUNDLE_IDENTIFIER = tony.chen.MyTasks;
				PRODUCT_NAME = "$(TARGET_NAME)";
				SUPPORTED_PLATFORMS = "iphoneos iphonesimulator";
				SUPPORTS_MACCATALYST = NO;
				SUPPORTS_MAC_DESIGNED_FOR_IPHONE_IPAD = NO;
				SWIFT_EMIT_LOC_STRINGS = YES;
				SWIFT_VERSION = 5.0;
				TARGETED_DEVICE_FAMILY = "1,2";
			};
			name = Release;
		};
/* End XCBuildConfiguration section */

/* Begin XCConfigurationList section */
		F37E85F72A13B4AA0090D2C9 /* Build configuration list for PBXProject "MyTasks" */ = {
			isa = XCConfigurationList;
			buildConfigurations = (
				F37E860E2A13B4AC0090D2C9 /* Debug */,
				F37E860F2A13B4AC0090D2C9 /* Release */,
			);
			defaultConfigurationIsVisible = 0;
			defaultConfigurationName = Release;
		};
		F37E86102A13B4AC0090D2C9 /* Build configuration list for PBXNativeTarget "MyTasks" */ = {
			isa = XCConfigurationList;
			buildConfigurations = (
				F37E86112A13B4AC0090D2C9 /* Debug */,
				F37E86122A13B4AC0090D2C9 /* Release */,
			);
			defaultConfigurationIsVisible = 0;
			defaultConfigurationName = Release;
		};
/* End XCConfigurationList section */

/* Begin XCRemoteSwiftPackageReference section */
		F37E86182A13B5C30090D2C9 /* XCRemoteSwiftPackageReference "realm-swift" */ = {
			isa = XCRemoteSwiftPackageReference;
			repositoryURL = "https://github.com/realm/realm-swift.git";
			requirement = {
				kind = upToNextMajorVersion;
				minimumVersion = 10.39.1;
			};
		};
		F3DF25502B1F428900395B38 /* XCRemoteSwiftPackageReference "lottie-ios" */ = {
			isa = XCRemoteSwiftPackageReference;
			repositoryURL = "https://github.com/airbnb/lottie-ios";
			requirement = {
				kind = upToNextMajorVersion;
				minimumVersion = 4.3.4;
			};
		};
/* End XCRemoteSwiftPackageReference section */

/* Begin XCSwiftPackageProductDependency section */
		F37E86192A13B5C30090D2C9 /* Realm */ = {
			isa = XCSwiftPackageProductDependency;
			package = F37E86182A13B5C30090D2C9 /* XCRemoteSwiftPackageReference "realm-swift" */;
			productName = Realm;
		};
		F37E861B2A13B5C30090D2C9 /* RealmSwift */ = {
			isa = XCSwiftPackageProductDependency;
			package = F37E86182A13B5C30090D2C9 /* XCRemoteSwiftPackageReference "realm-swift" */;
			productName = RealmSwift;
		};
		F3DF25512B1F428900395B38 /* Lottie */ = {
			isa = XCSwiftPackageProductDependency;
			package = F3DF25502B1F428900395B38 /* XCRemoteSwiftPackageReference "lottie-ios" */;
			productName = Lottie;
		};
/* End XCSwiftPackageProductDependency section */
	};
	rootObject = F37E85F42A13B4AA0090D2C9 /* Project object */;
}
